
Microsoft Visual Studio Solution File, Format Version 12.00
# Visual Studio Version 17
VisualStudioVersion = 17.3.32825.248
MinimumVisualStudioVersion = 10.0.40219.1
Project("{9A19103F-16F7-4668-BE54-9A1E7A4F7556}") = "XarajatBot", "XarajatBot\XarajatBot.csproj", "{8B4F61ED-44EF-4DCD-A272-A8E4A011BFEA}"
EndProject
Project("{FAE04EC0-301F-11D3-BF4B-00C04F79EFBC}") = "Xarajat.Data", "Xarajat.Data\Xarajat.Data.csproj", "{9B780A9E-AACF-4AA7-BA53-6494AF4DC6D2}"
EndProject
Global
	GlobalSection(SolutionConfigurationPlatforms) = preSolution
		Debug|Any CPU = Debug|Any CPU
		Release|Any CPU = Release|Any CPU
	EndGlobalSection
	GlobalSection(ProjectConfigurationPlatforms) = postSolution
		{8B4F61ED-44EF-4DCD-A272-A8E4A011BFEA}.Debug|Any CPU.ActiveCfg = Debug|Any CPU
		{8B4F61ED-44EF-4DCD-A272-A8E4A011BFEA}.Debug|Any CPU.Build.0 = Debug|Any CPU
		{8B4F61ED-44EF-4DCD-A272-A8E4A011BFEA}.Release|Any CPU.ActiveCfg = Release|Any CPU
		{8B4F61ED-44EF-4DCD-A272-A8E4A011BFEA}.Release|Any CPU.Build.0 = Release|Any CPU
		{9B780A9E-AACF-4AA7-BA53-6494AF4DC6D2}.Debug|Any CPU.ActiveCfg = Debug|Any CPU
		{9B780A9E-AACF-4AA7-BA53-6494AF4DC6D2}.Debug|Any CPU.Build.0 = Debug|Any CPU
		{9B780A9E-AACF-4AA7-BA53-6494AF4DC6D2}.Release|Any CPU.ActiveCfg = Release|Any CPU
		{9B780A9E-AACF-4AA7-BA53-6494AF4DC6D2}.Release|Any CPU.Build.0 = Release|Any CPU
	EndGlobalSection
	GlobalSection(SolutionProperties) = preSolution
		HideSolutionNode = FALSE
	EndGlobalSection
	GlobalSection(ExtensibilityGlobals) = postSolution
		SolutionGuid = {6EF6F501-85E6-459F-982A-982D10C216BE}
	EndGlobalSection
EndGlobal
